
Microsoft Visual Studio Solution File, Format Version 12.00
# Visual Studio Version 17
VisualStudioVersion = 17.1.32228.430
MinimumVisualStudioVersion = 10.0.40219.1
Project("{FAE04EC0-301F-11D3-BF4B-00C04F79EFBC}") = "AM-The-Tea-Round-Picker", "AM-The-Tea-Round-Picker\AM-The-Tea-Round-Picker.csproj", "{908FB8F0-B3B4-4CD6-A3A0-5FB218CFAD37}"
EndProject
Project("{FAE04EC0-301F-11D3-BF4B-00C04F79EFBC}") = "The-Tea-Round-Picker.Test", "The-Tea-Round-Picker.Test\The-Tea-Round-Picker.Test.csproj", "{FB2378AE-3FC2-4499-91C2-0A0516670450}"
EndProject
Global
	GlobalSection(SolutionConfigurationPlatforms) = preSolution
		Debug|Any CPU = Debug|Any CPU
		Release|Any CPU = Release|Any CPU
	EndGlobalSection
	GlobalSection(ProjectConfigurationPlatforms) = postSolution
		{908FB8F0-B3B4-4CD6-A3A0-5FB218CFAD37}.Debug|Any CPU.ActiveCfg = Debug|Any CPU
		{908FB8F0-B3B4-4CD6-A3A0-5FB218CFAD37}.Debug|Any CPU.Build.0 = Debug|Any CPU
		{908FB8F0-B3B4-4CD6-A3A0-5FB218CFAD37}.Release|Any CPU.ActiveCfg = Release|Any CPU
		{908FB8F0-B3B4-4CD6-A3A0-5FB218CFAD37}.Release|Any CPU.Build.0 = Release|Any CPU
		{FB2378AE-3FC2-4499-91C2-0A0516670450}.Debug|Any CPU.ActiveCfg = Debug|Any CPU
		{FB2378AE-3FC2-4499-91C2-0A0516670450}.Debug|Any CPU.Build.0 = Debug|Any CPU
		{FB2378AE-3FC2-4499-91C2-0A0516670450}.Release|Any CPU.ActiveCfg = Release|Any CPU
		{FB2378AE-3FC2-4499-91C2-0A0516670450}.Release|Any CPU.Build.0 = Release|Any CPU
	EndGlobalSection
	GlobalSection(SolutionProperties) = preSolution
		HideSolutionNode = FALSE
	EndGlobalSection
	GlobalSection(ExtensibilityGlobals) = postSolution
		SolutionGuid = {32715CC1-7D24-4B83-8A80-C6C452760D00}
	EndGlobalSection
EndGlobal
